
Microsoft Visual Studio Solution File, Format Version 12.00
# Visual Studio Version 16
VisualStudioVersion = 16.0.31005.135
MinimumVisualStudioVersion = 10.0.40219.1
Project("{FAE04EC0-301F-11D3-BF4B-00C04F79EFBC}") = "IoTDeviceInfoVisualisationApp", "IoTDeviceInfoVisualisationApp.csproj", "{97596D99-5248-4C34-8079-72C86E21A96A}"
EndProject
Global
	GlobalSection(SolutionConfigurationPlatforms) = preSolution
		Debug|Any CPU = Debug|Any CPU
		Release|Any CPU = Release|Any CPU
	EndGlobalSection
	GlobalSection(ProjectConfigurationPlatforms) = postSolution
		{97596D99-5248-4C34-8079-72C86E21A96A}.Debug|Any CPU.ActiveCfg = Debug|Any CPU
		{97596D99-5248-4C34-8079-72C86E21A96A}.Debug|Any CPU.Build.0 = Debug|Any CPU
		{97596D99-5248-4C34-8079-72C86E21A96A}.Release|Any CPU.ActiveCfg = Release|Any CPU
		{97596D99-5248-4C34-8079-72C86E21A96A}.Release|Any CPU.Build.0 = Release|Any CPU
	EndGlobalSection
	GlobalSection(SolutionProperties) = preSolution
		HideSolutionNode = FALSE
	EndGlobalSection
	GlobalSection(ExtensibilityGlobals) = postSolution
		SolutionGuid = {01303917-1B05-4CE5-B1AD-2180B0F3E10F}
	EndGlobalSection
EndGlobal
